<?xml version="1.0" encoding="utf-8"?>
<Project ToolsVersion="4.0" xmlns="http://schemas.microsoft.com/developer/msbuild/2003">
  <ItemGroup>
    <Filter Include="Source">
      <UniqueIdentifier>{b2536ed8-b278-4dd9-91df-d49943722e7a}</UniqueIdentifier>
    </Filter>
  </ItemGroup>
  <ItemGroup>
    <ClCompile Include="..\src\Source-2.0\Program.cpp">
      <Filter>Source</Filter>
    </ClCompile>
    <ClCompile Include="..\src\Source-2.0\PresentationFramework.cpp">
      <Filter>Source</Filter>
    </ClCompile>
    <ClCompile Include="..\src\Source-2.0\PresentationEngine.cpp">
      <Filter>Source</Filter>
    </ClCompile>
  </ItemGroup>
  <ItemGroup>
    <ClInclude Include="..\src\Source-2.0\PresentationFramework.hpp">
      <Filter>Source</Filter>
    </ClInclude>
    <ClInclude Include="..\src\Source-2.0\PresentationEngine.hpp">
      <Filter>Source</Filter>
    </ClInclude>
    <ClInclude Include="..\src\Source-2.0\PresentationWidget.hpp">
      <Filter>Source</Filter>
    </ClInclude>
  </ItemGroup>
  <ItemGroup>
    <None Include="..\src\Source-2.0\PresentationFramework.inl">
      <Filter>Source</Filter>
    </None>
    <None Include="..\src\Source-2.0\PresentationEngine.inl">
      <Filter>Source</Filter>
    </None>
  </ItemGroup>
</Project>